{
  "name": "full-stack-open-2022",
  "lockfileVersion": 2,
  "requires": true,
  "packages": {
    "": {
      "dependencies": {
        "spacing-helper": "^4.1.6"
      }
    },
    "node_modules/spacing-helper": {
      "version": "4.1.6",
      "resolved": "https://registry.npmjs.org/spacing-helper/-/spacing-helper-4.1.6.tgz",
      "integrity": "sha512-r5Krf75VEArBZd3aYUgx6UguWKzimAhhpsVh/+o+fgr4U9DcD4mVcm8dZlsJRR6bAeh+0n/I1GMJyP2781FwQQ=="
    }
  },
  "dependencies": {
    "spacing-helper": {
      "version": "4.1.6",
      "resolved": "https://registry.npmjs.org/spacing-helper/-/spacing-helper-4.1.6.tgz",
      "integrity": "sha512-r5Krf75VEArBZd3aYUgx6UguWKzimAhhpsVh/+o+fgr4U9DcD4mVcm8dZlsJRR6bAeh+0n/I1GMJyP2781FwQQ=="
    }
  }
}
